
Microsoft Visual Studio Solution File, Format Version 12.00
# Visual Studio Version 17
VisualStudioVersion = 17.0.32112.339
MinimumVisualStudioVersion = 10.0.40219.1
Project("{FAE04EC0-301F-11D3-BF4B-00C04F79EFBC}") = "Animals", "Animals\Animals.csproj", "{CACCEAE8-ADA1-44C9-B199-BC22F763E41F}"
EndProject
Global
	GlobalSection(SolutionConfigurationPlatforms) = preSolution
		Debug|Any CPU = Debug|Any CPU
		Release|Any CPU = Release|Any CPU
	EndGlobalSection
	GlobalSection(ProjectConfigurationPlatforms) = postSolution
		{CACCEAE8-ADA1-44C9-B199-BC22F763E41F}.Debug|Any CPU.ActiveCfg = Debug|Any CPU
		{CACCEAE8-ADA1-44C9-B199-BC22F763E41F}.Debug|Any CPU.Build.0 = Debug|Any CPU
		{CACCEAE8-ADA1-44C9-B199-BC22F763E41F}.Release|Any CPU.ActiveCfg = Release|Any CPU
		{CACCEAE8-ADA1-44C9-B199-BC22F763E41F}.Release|Any CPU.Build.0 = Release|Any CPU
	EndGlobalSection
	GlobalSection(SolutionProperties) = preSolution
		HideSolutionNode = FALSE
	EndGlobalSection
	GlobalSection(ExtensibilityGlobals) = postSolution
		SolutionGuid = {3FB5AD0D-C9C7-4AE8-B7CF-67E512AF449F}
	EndGlobalSection
EndGlobal
